
Microsoft Visual Studio Solution File, Format Version 12.00
# Visual Studio 15
VisualStudioVersion = 15.0.27617.1
MinimumVisualStudioVersion = 10.0.40219.1
Project("{FAE04EC0-301F-11D3-BF4B-00C04F79EFBC}") = "IceCreamRatingsAPI", "IceCreamRatingsAPI\IceCreamRatingsAPI.csproj", "{A2A1FC5F-76BD-4FD8-A644-1B785D2CAD8B}"
EndProject
Global
	GlobalSection(SolutionConfigurationPlatforms) = preSolution
		Debug|Any CPU = Debug|Any CPU
		Release|Any CPU = Release|Any CPU
	EndGlobalSection
	GlobalSection(ProjectConfigurationPlatforms) = postSolution
		{A2A1FC5F-76BD-4FD8-A644-1B785D2CAD8B}.Debug|Any CPU.ActiveCfg = Debug|Any CPU
		{A2A1FC5F-76BD-4FD8-A644-1B785D2CAD8B}.Debug|Any CPU.Build.0 = Debug|Any CPU
		{A2A1FC5F-76BD-4FD8-A644-1B785D2CAD8B}.Release|Any CPU.ActiveCfg = Release|Any CPU
		{A2A1FC5F-76BD-4FD8-A644-1B785D2CAD8B}.Release|Any CPU.Build.0 = Release|Any CPU
	EndGlobalSection
	GlobalSection(SolutionProperties) = preSolution
		HideSolutionNode = FALSE
	EndGlobalSection
	GlobalSection(ExtensibilityGlobals) = postSolution
		SolutionGuid = {D67242FB-5086-4556-835C-284E9241A55D}
	EndGlobalSection
EndGlobal
